
Microsoft Visual Studio Solution File, Format Version 12.00
# Visual Studio Version 17
VisualStudioVersion = 17.12.35521.163
MinimumVisualStudioVersion = 10.0.40219.1
Project("{FAE04EC0-301F-11D3-BF4B-00C04F79EFBC}") = "Api", "..\..\..\Users\PANKAJ\source\repos\ProductService\Api\Api.csproj", "{580AA5F6-58C7-4FAA-9DBF-97F959BCB252}"
EndProject
Project("{FAE04EC0-301F-11D3-BF4B-00C04F79EFBC}") = "Application", "..\..\..\Users\PANKAJ\source\repos\ProductService\Application\Application.csproj", "{0E278CF6-B573-4EFF-9239-A430846D575A}"
EndProject
Project("{FAE04EC0-301F-11D3-BF4B-00C04F79EFBC}") = "Domain", "..\..\..\Users\PANKAJ\source\repos\ProductService\Domain\Domain.csproj", "{060A47B1-A6CF-44C5-AF77-DD4BBF3B1658}"
EndProject
Project("{FAE04EC0-301F-11D3-BF4B-00C04F79EFBC}") = "Infrastructure", "..\..\..\Users\PANKAJ\source\repos\ProductService\Infrastructure\Infrastructure.csproj", "{A3A7FEF1-81A9-4DB6-ACBE-6E7BB22EA52B}"
EndProject
Project("{FAE04EC0-301F-11D3-BF4B-00C04F79EFBC}") = "Tests", "..\..\..\Users\PANKAJ\source\repos\ProductService\Tests\Tests.csproj", "{B9C73A4D-DCB3-4027-BF49-1615BA31D5DB}"
EndProject
Global
	GlobalSection(SolutionConfigurationPlatforms) = preSolution
		Debug|Any CPU = Debug|Any CPU
		Release|Any CPU = Release|Any CPU
	EndGlobalSection
	GlobalSection(ProjectConfigurationPlatforms) = postSolution
		{580AA5F6-58C7-4FAA-9DBF-97F959BCB252}.Debug|Any CPU.ActiveCfg = Debug|Any CPU
		{580AA5F6-58C7-4FAA-9DBF-97F959BCB252}.Debug|Any CPU.Build.0 = Debug|Any CPU
		{580AA5F6-58C7-4FAA-9DBF-97F959BCB252}.Release|Any CPU.ActiveCfg = Release|Any CPU
		{580AA5F6-58C7-4FAA-9DBF-97F959BCB252}.Release|Any CPU.Build.0 = Release|Any CPU
		{0E278CF6-B573-4EFF-9239-A430846D575A}.Debug|Any CPU.ActiveCfg = Debug|Any CPU
		{0E278CF6-B573-4EFF-9239-A430846D575A}.Debug|Any CPU.Build.0 = Debug|Any CPU
		{0E278CF6-B573-4EFF-9239-A430846D575A}.Release|Any CPU.ActiveCfg = Release|Any CPU
		{0E278CF6-B573-4EFF-9239-A430846D575A}.Release|Any CPU.Build.0 = Release|Any CPU
		{060A47B1-A6CF-44C5-AF77-DD4BBF3B1658}.Debug|Any CPU.ActiveCfg = Debug|Any CPU
		{060A47B1-A6CF-44C5-AF77-DD4BBF3B1658}.Debug|Any CPU.Build.0 = Debug|Any CPU
		{060A47B1-A6CF-44C5-AF77-DD4BBF3B1658}.Release|Any CPU.ActiveCfg = Release|Any CPU
		{060A47B1-A6CF-44C5-AF77-DD4BBF3B1658}.Release|Any CPU.Build.0 = Release|Any CPU
		{A3A7FEF1-81A9-4DB6-ACBE-6E7BB22EA52B}.Debug|Any CPU.ActiveCfg = Debug|Any CPU
		{A3A7FEF1-81A9-4DB6-ACBE-6E7BB22EA52B}.Debug|Any CPU.Build.0 = Debug|Any CPU
		{A3A7FEF1-81A9-4DB6-ACBE-6E7BB22EA52B}.Release|Any CPU.ActiveCfg = Release|Any CPU
		{A3A7FEF1-81A9-4DB6-ACBE-6E7BB22EA52B}.Release|Any CPU.Build.0 = Release|Any CPU
		{B9C73A4D-DCB3-4027-BF49-1615BA31D5DB}.Debug|Any CPU.ActiveCfg = Debug|Any CPU
		{B9C73A4D-DCB3-4027-BF49-1615BA31D5DB}.Debug|Any CPU.Build.0 = Debug|Any CPU
		{B9C73A4D-DCB3-4027-BF49-1615BA31D5DB}.Release|Any CPU.ActiveCfg = Release|Any CPU
		{B9C73A4D-DCB3-4027-BF49-1615BA31D5DB}.Release|Any CPU.Build.0 = Release|Any CPU
	EndGlobalSection
	GlobalSection(SolutionProperties) = preSolution
		HideSolutionNode = FALSE
	EndGlobalSection
EndGlobal
